// !$*UTF8*$!
{
	archiveVersion = 1;
	classes = {
	};
	objectVersion = 77;
	objects = {

/* Begin PBXBuildFile section */
		00FF23B68E6F7F4272230738 /* RecurrenceFrequencyTests.swift in Sources */ = {isa = PBXBuildFile; fileRef = E643F06B34A969A48FC40272 /* RecurrenceFrequencyTests.swift */; };
		02A357CCF686C2FA3D89BC80 /* SharedModelContainer.swift in Sources */ = {isa = PBXBuildFile; fileRef = 090C529EB470D8B68556B34D /* SharedModelContainer.swift */; };
		064A9EF90AC7A94020BFE11A /* AboutView.swift in Sources */ = {isa = PBXBuildFile; fileRef = 708C7CC691DA19D81DB2010B /* AboutView.swift */; };
		1A2B3C4D5E6F708192A30011 /* TrackingSettingsView.swift in Sources */ = {isa = PBXBuildFile; fileRef = 1A2B3C4D5E6F708192A30012 /* TrackingSettingsView.swift */; };
		1A2B3C4D5E6F708192A30013 /* BudgetSettingsView.swift in Sources */ = {isa = PBXBuildFile; fileRef = 1A2B3C4D5E6F708192A30014 /* BudgetSettingsView.swift */; };
		1A2B3C4D5E6F708192A30015 /* AppearanceSettingsView.swift in Sources */ = {isa = PBXBuildFile; fileRef = 1A2B3C4D5E6F708192A30016 /* AppearanceSettingsView.swift */; };
		1A2B3C4D5E6F708192A30017 /* PrivacySecuritySettingsView.swift in Sources */ = {isa = PBXBuildFile; fileRef = 1A2B3C4D5E6F708192A30018 /* PrivacySecuritySettingsView.swift */; };
		0CC863CF863FB44798E30C8B /* AccountStore.swift in Sources */ = {isa = PBXBuildFile; fileRef = 6598F94957F50DE6C1A046DF /* AccountStore.swift */; };
		0E77789643850B568BEE2208 /* SetupGuideView.swift in Sources */ = {isa = PBXBuildFile; fileRef = 477070C96FAAB28061BAD0E9 /* SetupGuideView.swift */; };
		1A2B3C4D5E6F708192A30026 /* CardsView.swift in Sources */ = {isa = PBXBuildFile; fileRef = 1A2B3C4D5E6F708192A30027 /* CardsView.swift */; };
		1A2B3C4D5E6F708192A30028 /* UserCard.swift in Sources */ = {isa = PBXBuildFile; fileRef = 1A2B3C4D5E6F708192A30029 /* UserCard.swift */; };
		1A2B3C4D5E6F708192A3002A /* UserCardTests.swift in Sources */ = {isa = PBXBuildFile; fileRef = 1A2B3C4D5E6F708192A3002B /* UserCardTests.swift */; };
		1A2B3C4D5E6F708192A30020 /* welcomeHero.json in Resources */ = {isa = PBXBuildFile; fileRef = 1A2B3C4D5E6F708192A30021 /* welcomeHero.json */; };
		1A2B3C4D5E6F708192A30022 /* Lottie in Frameworks */ = {isa = PBXBuildFile; productRef = 1A2B3C4D5E6F708192A30023 /* Lottie */; };
		0EC04CBF48CA9FB8C383F854 /* GroupDetailView.swift in Sources */ = {isa = PBXBuildFile; fileRef = 513D61072A882AB8FE7FCAA9 /* GroupDetailView.swift */; };
		123CD377ECADC136164C79DA /* TimeSpan.swift in Sources */ = {isa = PBXBuildFile; fileRef = 88C2AA80CB889F87361E30D5 /* TimeSpan.swift */; };
		15148BDB8DE237BF7B47A448 /* WelcomeLandingView.swift in Sources */ = {isa = PBXBuildFile; fileRef = 18A498A728ED6E7A0A538C5A /* WelcomeLandingView.swift */; };
		1A2B3C4D5E6F708192A3001D /* BudgetHeroAnimation.swift in Sources */ = {isa = PBXBuildFile; fileRef = 1A2B3C4D5E6F708192A3001E /* BudgetHeroAnimation.swift */; };
		1665F1955D10A3066DA9CDD0 /* WidgetShared.swift in Sources */ = {isa = PBXBuildFile; fileRef = 2E0FD05673C0FA09B5473CCA /* WidgetShared.swift */; };
		190C1F75577352B04545899A /* WudgetWidgetBundle.swift in Sources */ = {isa = PBXBuildFile; fileRef = A4D5C0D39610BC264A208FF3 /* WudgetWidgetBundle.swift */; };
		19AEC05837273779AE65BD38 /* TimeSpanTests.swift in Sources */ = {isa = PBXBuildFile; fileRef = 7BBB66E39B758275D89BC4C6 /* TimeSpanTests.swift */; };
		1A0AC8CD51804A153936E395 /* TransactionMapCard.swift in Sources */ = {isa = PBXBuildFile; fileRef = 47ECBB6DBE0EED961F394519 /* TransactionMapCard.swift */; };
		1EAA5056112B4C5E7BE17A7F /* SpendingGroupingTests.swift in Sources */ = {isa = PBXBuildFile; fileRef = 3A8DEB5640055F69C67E5C29 /* SpendingGroupingTests.swift */; };
		2279E6A98B64EDA42BBFE0DD /* WalletBudgetApp.swift in Sources */ = {isa = PBXBuildFile; fileRef = AFBB1AD3AF14ABF14C201ED8 /* WalletBudgetApp.swift */; };
		2A7A2A56DE486408AEA11E7B /* WidgetShared.swift in Sources */ = {isa = PBXBuildFile; fileRef = 2E0FD05673C0FA09B5473CCA /* WidgetShared.swift */; };
		2D051851DCC5131DBE919B6C /* NotificationManager.swift in Sources */ = {isa = PBXBuildFile; fileRef = 02847A2F8A2D58DD97205407 /* NotificationManager.swift */; };
		2D0B694FE0AA8ACAD50FF15A /* Assets.xcassets in Resources */ = {isa = PBXBuildFile; fileRef = 95DAC38E5C9CF7E5E052497E /* Assets.xcassets */; };
		4A9F3B2C0D5E6F8091A2B3C4 /* AppIcon.icon in Resources */ = {isa = PBXBuildFile; fileRef = 3F8E2A1B9C4D5E6F70819A2B /* AppIcon.icon */; };
		6C2D3E4F5A6B7C8D9E0F1A2B /* AppIcon.icon in Resources */ = {isa = PBXBuildFile; fileRef = 3F8E2A1B9C4D5E6F70819A2B /* AppIcon.icon */; };
		32557C525F911334C1D11B88 /* ExpenseCategorizer.swift in Sources */ = {isa = PBXBuildFile; fileRef = 9B77BCB77E691C3C7CFE5323 /* ExpenseCategorizer.swift */; };
		32F4719277646ED8352840C4 /* SpendingCategory.swift in Sources */ = {isa = PBXBuildFile; fileRef = 10584A7194BC7737C0090F94 /* SpendingCategory.swift */; };
		3F75F32A55E6F127A88D6414 /* LegalDocumentView.swift in Sources */ = {isa = PBXBuildFile; fileRef = 87204F03B517ACA62A39335E /* LegalDocumentView.swift */; };
		40970E484D3226725980ED79 /* TransactionLibrary.swift in Sources */ = {isa = PBXBuildFile; fileRef = ADFC4B644CE144489A62EBB0 /* TransactionLibrary.swift */; };
		45C8D01C203143F42E95A71F /* WalletImportIntent.swift in Sources */ = {isa = PBXBuildFile; fileRef = EFE66E9E1422C962E226F2E0 /* WalletImportIntent.swift */; };
		53418CBB23A67233BE863C1D /* TransactionDetailView.swift in Sources */ = {isa = PBXBuildFile; fileRef = 99D9BCC1799EC91A3624EB7C /* TransactionDetailView.swift */; };
		5872E17B2E2C32A1FF950C48 /* SpendingSummaryTests.swift in Sources */ = {isa = PBXBuildFile; fileRef = 27ED81C3A0A93C92EF16C0B4 /* SpendingSummaryTests.swift */; };
		59EABBC6C49BBC0C436948D7 /* LocationProvider.swift in Sources */ = {isa = PBXBuildFile; fileRef = 1DAEF2B5A1BDA490806C3C71 /* LocationProvider.swift */; };
		5AD4C60A81E6D57A74DB70E3 /* AppLock.swift in Sources */ = {isa = PBXBuildFile; fileRef = 320C1960104669F5CCEB07C7 /* AppLock.swift */; };
		5B1C60418AD7BFDA19DA5726 /* PersonalOnboardingFlow.swift in Sources */ = {isa = PBXBuildFile; fileRef = 6DD0F19ECF77A497B5655ABB /* PersonalOnboardingFlow.swift */; };
		5ECECA08425C23735031ED72 /* AddTransactionSheet.swift in Sources */ = {isa = PBXBuildFile; fileRef = 33CE0757DE390AD3D6B754D3 /* AddTransactionSheet.swift */; };
		621A7BAB1F62970014A14496 /* Expense.swift in Sources */ = {isa = PBXBuildFile; fileRef = 7829AEE20FE7C85C23D72C20 /* Expense.swift */; };
		626DC1446BDC3A625F027FBC /* CategoryRegistry.swift in Sources */ = {isa = PBXBuildFile; fileRef = 574742DB97BE751393D00A94 /* CategoryRegistry.swift */; };
		628DEF4ED948F080EF6D0EC6 /* Log.swift in Sources */ = {isa = PBXBuildFile; fileRef = 4D4FD4B30A50FDDE3E9173E1 /* Log.swift */; };
		69C159DFED3A1D7BBA06ABF2 /* WalletBudgetShortcuts.swift in Sources */ = {isa = PBXBuildFile; fileRef = C5B80A01155AD07584BE32DD /* WalletBudgetShortcuts.swift */; };
		74BB5C56F1534A9C12EE589F /* TermsOfServiceView.swift in Sources */ = {isa = PBXBuildFile; fileRef = 13F8E7F69117406FD8616313 /* TermsOfServiceView.swift */; };
		759682447208897EFBFEFA3A /* AppTheme.swift in Sources */ = {isa = PBXBuildFile; fileRef = 970CFC25D76DD55DB5773DD2 /* AppTheme.swift */; };
		7C2BBC1E20190B798FF45FC9 /* CardMatcherTests.swift in Sources */ = {isa = PBXBuildFile; fileRef = 818D19FA56D5DC673FA3F983 /* CardMatcherTests.swift */; };
		1A2B3C4D5E6F708192A30003 /* MerchantCleanerTests.swift in Sources */ = {isa = PBXBuildFile; fileRef = 1A2B3C4D5E6F708192A30004 /* MerchantCleanerTests.swift */; };
		1A2B3C4D5E6F708192A30019 /* LogoProviderTests.swift in Sources */ = {isa = PBXBuildFile; fileRef = 1A2B3C4D5E6F708192A3001A /* LogoProviderTests.swift */; };
		1A2B3C4D5E6F708192A3001B /* OnboardingStepTests.swift in Sources */ = {isa = PBXBuildFile; fileRef = 1A2B3C4D5E6F708192A3001C /* OnboardingStepTests.swift */; };
		8E0F1A2B3C4D5E6F70819A20 /* WidgetSnapshotTests.swift in Sources */ = {isa = PBXBuildFile; fileRef = 9F1A2B3C4D5E6F708192A210 /* WidgetSnapshotTests.swift */; };
		8635718579EF8A5841DC8189 /* OnboardingFlow.swift in Sources */ = {isa = PBXBuildFile; fileRef = B123482C74A4635403DDDD0C /* OnboardingFlow.swift */; };
		8CB2B7FFB5619BC0508D30A8 /* OnboardingComponents.swift in Sources */ = {isa = PBXBuildFile; fileRef = 0FA78760B2C7B04E4ED8CECD /* OnboardingComponents.swift */; };
		8D8F1E5B56237E314041F52E /* CurrencyFormatting.swift in Sources */ = {isa = PBXBuildFile; fileRef = B132FD63D002121492B3FF69 /* CurrencyFormatting.swift */; };
		908B03CA285C6BD919AD4DF0 /* OnboardingStep.swift in Sources */ = {isa = PBXBuildFile; fileRef = 25B7C7BAD63F87E2A94830D7 /* OnboardingStep.swift */; };
		968EB200DBEA0A0760332196 /* RecurringPaymentsView.swift in Sources */ = {isa = PBXBuildFile; fileRef = 9C3125566C5DA9010F2F5E38 /* RecurringPaymentsView.swift */; };
		96C2FC2518C3C93F36DB9206 /* CardMatcher.swift in Sources */ = {isa = PBXBuildFile; fileRef = 2119F6D88ACE9250D8393611 /* CardMatcher.swift */; };
		1A2B3C4D5E6F708192A30001 /* MerchantCleaner.swift in Sources */ = {isa = PBXBuildFile; fileRef = 1A2B3C4D5E6F708192A30002 /* MerchantCleaner.swift */; };
		96F74E147AA5C30A8F423DC7 /* CategoryCatalog.swift in Sources */ = {isa = PBXBuildFile; fileRef = 7767CD45EFCC1CD4B9B354C5 /* CategoryCatalog.swift */; };
		976B13AF2A589ECCAF9938F0 /* PeriodBucketizer.swift in Sources */ = {isa = PBXBuildFile; fileRef = D09C3A39185D661975162F8E /* PeriodBucketizer.swift */; };
		9DF0744CE0F3031603CE52B9 /* CurrencyParser.swift in Sources */ = {isa = PBXBuildFile; fileRef = FB2B9B80AFEC249446DD3E4E /* CurrencyParser.swift */; };
		9E2B976E887893AC8DFF3549 /* WudgetWidgets.appex in Embed Foundation Extensions */ = {isa = PBXBuildFile; fileRef = 3DA74F9B640CFA1C302AB79A /* WudgetWidgets.appex */; settings = {ATTRIBUTES = (RemoveHeadersOnCopy, ); }; };
		A0EED0D6A5E570BAE2348BA0 /* ExpenseCategorizerTests.swift in Sources */ = {isa = PBXBuildFile; fileRef = DE85A6AB04548DF2556A07C4 /* ExpenseCategorizerTests.swift */; };
		A1DA3288D7B27FE0983AC576 /* TotalSpendingCard.swift in Sources */ = {isa = PBXBuildFile; fileRef = 22A930C47D514E788DCCD805 /* TotalSpendingCard.swift */; };
		A349ACEFD3DB55D7D49470F2 /* RootGate.swift in Sources */ = {isa = PBXBuildFile; fileRef = 0D978EF958C1C58E9CAEFA7A /* RootGate.swift */; };
		AA27954626BF0B75EAB45E82 /* SpendingGroupRow.swift in Sources */ = {isa = PBXBuildFile; fileRef = FB092227C8A29FC4505A1626 /* SpendingGroupRow.swift */; };
		B7A0B137417A61E85BD70C8B /* ManageCategoriesView.swift in Sources */ = {isa = PBXBuildFile; fileRef = C9914378A8743498974C9ED7 /* ManageCategoriesView.swift */; };
		B80CA42F12C4C45011AF72B6 /* TopChromeBar.swift in Sources */ = {isa = PBXBuildFile; fileRef = C740448D5F20571006ED775B /* TopChromeBar.swift */; };
		BDEAA7E44A46DDEB23E31F47 /* RecurrenceFrequency.swift in Sources */ = {isa = PBXBuildFile; fileRef = 83F6022920D4C45574AAACD1 /* RecurrenceFrequency.swift */; };
		C00A9E34F672DEC4138ACBEA /* PrivacyPolicyView.swift in Sources */ = {isa = PBXBuildFile; fileRef = B7B39EBACAF0D103CC90431D /* PrivacyPolicyView.swift */; };
		C273E11EE1A61360CB288C98 /* OnboardingProfile.swift in Sources */ = {isa = PBXBuildFile; fileRef = DFD6BEED3BBCCDBC3271A3BB /* OnboardingProfile.swift */; };
		C344199EDB9B5218FCAAEBAD /* NotificationManager+Builders.swift in Sources */ = {isa = PBXBuildFile; fileRef = 691AA787CB15DF7C64DDE4EB /* NotificationManager+Builders.swift */; };
		C9C010FE67F2F5AE57CEDB06 /* WidgetUpdater.swift in Sources */ = {isa = PBXBuildFile; fileRef = DF2BBE07AA4C99B1126F18C7 /* WidgetUpdater.swift */; };
		CB0B56DAF560BF944CDE4066 /* SpendingWidget.swift in Sources */ = {isa = PBXBuildFile; fileRef = B3F2F902B2987E2442F3A304 /* SpendingWidget.swift */; };
		CBA2DD8CAC5E4BFDBA061C5F /* AppLockGate.swift in Sources */ = {isa = PBXBuildFile; fileRef = 541A06AD300D4C3214FF46F9 /* AppLockGate.swift */; };
		CE8B91204F3A6476A55E0B79 /* LibraryPickerView.swift in Sources */ = {isa = PBXBuildFile; fileRef = D61DBB159F1E56C038F5199A /* LibraryPickerView.swift */; };
		CECD753EACAD738985A7C5CF /* SpendingWidgetConfig.swift in Sources */ = {isa = PBXBuildFile; fileRef = AF9AB6A9C3E92D0C8557B0F4 /* SpendingWidgetConfig.swift */; };
		CEFC708A406FE93273894D34 /* CategorySeeder.swift in Sources */ = {isa = PBXBuildFile; fileRef = C25E886AAAF70B1A678B5C73 /* CategorySeeder.swift */; };
		D03157A565BF2082C48C1186 /* RootView.swift in Sources */ = {isa = PBXBuildFile; fileRef = 97C852F791DC04262D40EDDF /* RootView.swift */; };
		D32E89869F2F653380CAEAD9 /* LogoProvider.swift in Sources */ = {isa = PBXBuildFile; fileRef = 0734563CDB8FA69F0AA30B50 /* LogoProvider.swift */; };
		D42B9E8D64BD20B38C34958D /* CurrencyParserTests.swift in Sources */ = {isa = PBXBuildFile; fileRef = E6645A6FE9B8BD276FF68496 /* CurrencyParserTests.swift */; };
		DB299FF9BEDF5672361AD0AC /* MerchantLogoTile.swift in Sources */ = {isa = PBXBuildFile; fileRef = 8260296CE232E54B04D2E451 /* MerchantLogoTile.swift */; };
		DBA8C9C385F8D393296E2068 /* NotificationSettingsView.swift in Sources */ = {isa = PBXBuildFile; fileRef = ED7746652ABA2A9FB9EBCE3E /* NotificationSettingsView.swift */; };
		DF1F8D54188C1AD9C32FD029 /* SpendingSummary.swift in Sources */ = {isa = PBXBuildFile; fileRef = 75F2CD1F77B1A32E659A47AE /* SpendingSummary.swift */; };
		DF673D1CED3DC1D7D87BD2EC /* CategoryEditorView.swift in Sources */ = {isa = PBXBuildFile; fileRef = 6161035EB2EF7AE12F8CBEBE /* CategoryEditorView.swift */; };
		E13B5B8CFAB4A226792ACCF9 /* Haptics.swift in Sources */ = {isa = PBXBuildFile; fileRef = 9E060A2833E96C8B2AB706AF /* Haptics.swift */; };
		E451E5CC8A5D41F71B8B522F /* AuthSheet.swift in Sources */ = {isa = PBXBuildFile; fileRef = 433F75625EE33E963002A1A4 /* AuthSheet.swift */; };
		EF55EA78470B6286D277D42F /* BudgetEditorView.swift in Sources */ = {isa = PBXBuildFile; fileRef = 8F4BAAEE29C82A8177445391 /* BudgetEditorView.swift */; };
		F15FED507DDAEEF5329A84AF /* AccountView.swift in Sources */ = {isa = PBXBuildFile; fileRef = 0BF0F719047A32A4C6647E27 /* AccountView.swift */; };
		FB79EEC4FA1386F1519ACD95 /* CategoryStyle.swift in Sources */ = {isa = PBXBuildFile; fileRef = 70C7567F1438CB4167E01182 /* CategoryStyle.swift */; };
		FBD140EA007C9C37F35E6C60 /* PersonalOnboardingStepView.swift in Sources */ = {isa = PBXBuildFile; fileRef = CB5F89F0C46335F3333E44FB /* PersonalOnboardingStepView.swift */; };
		FECD22ACDEA1F00B7BAFAC05 /* SpendingView.swift in Sources */ = {isa = PBXBuildFile; fileRef = 6CC0F426B5A43C944E7779BE /* SpendingView.swift */; };
/* End PBXBuildFile section */

/* Begin PBXContainerItemProxy section */
		843F110F198DC9111AC80A84 /* PBXContainerItemProxy */ = {
			isa = PBXContainerItemProxy;
			containerPortal = 8AA8F59DBACCF91DC95A5445 /* Project object */;
			proxyType = 1;
			remoteGlobalIDString = 06E341B52C4D47514AE2C712;
			remoteInfo = WalletBudget;
		};
		D7216B51A673556B9F3861B0 /* PBXContainerItemProxy */ = {
			isa = PBXContainerItemProxy;
			containerPortal = 8AA8F59DBACCF91DC95A5445 /* Project object */;
			proxyType = 1;
			remoteGlobalIDString = 38C5137AD45EB1B1816950F0;
			remoteInfo = WudgetWidgets;
		};
/* End PBXContainerItemProxy section */

/* Begin PBXCopyFilesBuildPhase section */
		14ED72395CF7072FCC712822 /* Embed Foundation Extensions */ = {
			isa = PBXCopyFilesBuildPhase;
			buildActionMask = 2147483647;
			dstPath = "";
			dstSubfolderSpec = 13;
			files = (
				9E2B976E887893AC8DFF3549 /* WudgetWidgets.appex in Embed Foundation Extensions */,
			);
			name = "Embed Foundation Extensions";
			runOnlyForDeploymentPostprocessing = 0;
		};
/* End PBXCopyFilesBuildPhase section */

/* Begin PBXFileReference section */
		02847A2F8A2D58DD97205407 /* NotificationManager.swift */ = {isa = PBXFileReference; lastKnownFileType = sourcecode.swift; path = NotificationManager.swift; sourceTree = "<group>"; };
		0734563CDB8FA69F0AA30B50 /* LogoProvider.swift */ = {isa = PBXFileReference; lastKnownFileType = sourcecode.swift; path = LogoProvider.swift; sourceTree = "<group>"; };
		090C529EB470D8B68556B34D /* SharedModelContainer.swift */ = {isa = PBXFileReference; lastKnownFileType = sourcecode.swift; path = SharedModelContainer.swift; sourceTree = "<group>"; };
		0BF0F719047A32A4C6647E27 /* AccountView.swift */ = {isa = PBXFileReference; lastKnownFileType = sourcecode.swift; path = AccountView.swift; sourceTree = "<group>"; };
		0D978EF958C1C58E9CAEFA7A /* RootGate.swift */ = {isa = PBXFileReference; lastKnownFileType = sourcecode.swift; path = RootGate.swift; sourceTree = "<group>"; };
		0FA78760B2C7B04E4ED8CECD /* OnboardingComponents.swift */ = {isa = PBXFileReference; lastKnownFileType = sourcecode.swift; path = OnboardingComponents.swift; sourceTree = "<group>"; };
		10584A7194BC7737C0090F94 /* SpendingCategory.swift */ = {isa = PBXFileReference; lastKnownFileType = sourcecode.swift; path = SpendingCategory.swift; sourceTree = "<group>"; };
		13F8E7F69117406FD8616313 /* TermsOfServiceView.swift */ = {isa = PBXFileReference; lastKnownFileType = sourcecode.swift; path = TermsOfServiceView.swift; sourceTree = "<group>"; };
		18A498A728ED6E7A0A538C5A /* WelcomeLandingView.swift */ = {isa = PBXFileReference; lastKnownFileType = sourcecode.swift; path = WelcomeLandingView.swift; sourceTree = "<group>"; };
		1A2B3C4D5E6F708192A3001E /* BudgetHeroAnimation.swift */ = {isa = PBXFileReference; lastKnownFileType = sourcecode.swift; path = BudgetHeroAnimation.swift; sourceTree = "<group>"; };
		198999A8BE10CD5ED26A9E6B /* WalletBudgetTests.xctest */ = {isa = PBXFileReference; includeInIndex = 0; lastKnownFileType = wrapper.cfbundle; path = WalletBudgetTests.xctest; sourceTree = BUILT_PRODUCTS_DIR; };
		1DAEF2B5A1BDA490806C3C71 /* LocationProvider.swift */ = {isa = PBXFileReference; lastKnownFileType = sourcecode.swift; path = LocationProvider.swift; sourceTree = "<group>"; };
		2119F6D88ACE9250D8393611 /* CardMatcher.swift */ = {isa = PBXFileReference; lastKnownFileType = sourcecode.swift; path = CardMatcher.swift; sourceTree = "<group>"; };
		1A2B3C4D5E6F708192A30002 /* MerchantCleaner.swift */ = {isa = PBXFileReference; lastKnownFileType = sourcecode.swift; path = MerchantCleaner.swift; sourceTree = "<group>"; };
		22A930C47D514E788DCCD805 /* TotalSpendingCard.swift */ = {isa = PBXFileReference; lastKnownFileType = sourcecode.swift; path = TotalSpendingCard.swift; sourceTree = "<group>"; };
		25B7C7BAD63F87E2A94830D7 /* OnboardingStep.swift */ = {isa = PBXFileReference; lastKnownFileType = sourcecode.swift; path = OnboardingStep.swift; sourceTree = "<group>"; };
		27ED81C3A0A93C92EF16C0B4 /* SpendingSummaryTests.swift */ = {isa = PBXFileReference; lastKnownFileType = sourcecode.swift; path = SpendingSummaryTests.swift; sourceTree = "<group>"; };
		2BF0399CAD3AFF213B6A74D1 /* Info.plist */ = {isa = PBXFileReference; lastKnownFileType = text.plist; path = Info.plist; sourceTree = "<group>"; };
		2E0FD05673C0FA09B5473CCA /* WidgetShared.swift */ = {isa = PBXFileReference; lastKnownFileType = sourcecode.swift; path = WidgetShared.swift; sourceTree = "<group>"; };
		320C1960104669F5CCEB07C7 /* AppLock.swift */ = {isa = PBXFileReference; lastKnownFileType = sourcecode.swift; path = AppLock.swift; sourceTree = "<group>"; };
		33CE0757DE390AD3D6B754D3 /* AddTransactionSheet.swift */ = {isa = PBXFileReference; lastKnownFileType = sourcecode.swift; path = AddTransactionSheet.swift; sourceTree = "<group>"; };
		3A8DEB5640055F69C67E5C29 /* SpendingGroupingTests.swift */ = {isa = PBXFileReference; lastKnownFileType = sourcecode.swift; path = SpendingGroupingTests.swift; sourceTree = "<group>"; };
		3DA74F9B640CFA1C302AB79A /* WudgetWidgets.appex */ = {isa = PBXFileReference; includeInIndex = 0; lastKnownFileType = "wrapper.app-extension"; path = WudgetWidgets.appex; sourceTree = BUILT_PRODUCTS_DIR; };
		433F75625EE33E963002A1A4 /* AuthSheet.swift */ = {isa = PBXFileReference; lastKnownFileType = sourcecode.swift; path = AuthSheet.swift; sourceTree = "<group>"; };
		477070C96FAAB28061BAD0E9 /* SetupGuideView.swift */ = {isa = PBXFileReference; lastKnownFileType = sourcecode.swift; path = SetupGuideView.swift; sourceTree = "<group>"; };
		47ECBB6DBE0EED961F394519 /* TransactionMapCard.swift */ = {isa = PBXFileReference; lastKnownFileType = sourcecode.swift; path = TransactionMapCard.swift; sourceTree = "<group>"; };
		4D4FD4B30A50FDDE3E9173E1 /* Log.swift */ = {isa = PBXFileReference; lastKnownFileType = sourcecode.swift; path = Log.swift; sourceTree = "<group>"; };
		513D61072A882AB8FE7FCAA9 /* GroupDetailView.swift */ = {isa = PBXFileReference; lastKnownFileType = sourcecode.swift; path = GroupDetailView.swift; sourceTree = "<group>"; };
		541A06AD300D4C3214FF46F9 /* AppLockGate.swift */ = {isa = PBXFileReference; lastKnownFileType = sourcecode.swift; path = AppLockGate.swift; sourceTree = "<group>"; };
		574742DB97BE751393D00A94 /* CategoryRegistry.swift */ = {isa = PBXFileReference; lastKnownFileType = sourcecode.swift; path = CategoryRegistry.swift; sourceTree = "<group>"; };
		6161035EB2EF7AE12F8CBEBE /* CategoryEditorView.swift */ = {isa = PBXFileReference; lastKnownFileType = sourcecode.swift; path = CategoryEditorView.swift; sourceTree = "<group>"; };
		6598F94957F50DE6C1A046DF /* AccountStore.swift */ = {isa = PBXFileReference; lastKnownFileType = sourcecode.swift; path = AccountStore.swift; sourceTree = "<group>"; };
		691AA787CB15DF7C64DDE4EB /* NotificationManager+Builders.swift */ = {isa = PBXFileReference; lastKnownFileType = sourcecode.swift; path = "NotificationManager+Builders.swift"; sourceTree = "<group>"; };
		6CC0F426B5A43C944E7779BE /* SpendingView.swift */ = {isa = PBXFileReference; lastKnownFileType = sourcecode.swift; path = SpendingView.swift; sourceTree = "<group>"; };
		6DD0F19ECF77A497B5655ABB /* PersonalOnboardingFlow.swift */ = {isa = PBXFileReference; lastKnownFileType = sourcecode.swift; path = PersonalOnboardingFlow.swift; sourceTree = "<group>"; };
		708C7CC691DA19D81DB2010B /* AboutView.swift */ = {isa = PBXFileReference; lastKnownFileType = sourcecode.swift; path = AboutView.swift; sourceTree = "<group>"; };
		1A2B3C4D5E6F708192A30012 /* TrackingSettingsView.swift */ = {isa = PBXFileReference; lastKnownFileType = sourcecode.swift; path = TrackingSettingsView.swift; sourceTree = "<group>"; };
		1A2B3C4D5E6F708192A30014 /* BudgetSettingsView.swift */ = {isa = PBXFileReference; lastKnownFileType = sourcecode.swift; path = BudgetSettingsView.swift; sourceTree = "<group>"; };
		1A2B3C4D5E6F708192A30016 /* AppearanceSettingsView.swift */ = {isa = PBXFileReference; lastKnownFileType = sourcecode.swift; path = AppearanceSettingsView.swift; sourceTree = "<group>"; };
		1A2B3C4D5E6F708192A30018 /* PrivacySecuritySettingsView.swift */ = {isa = PBXFileReference; lastKnownFileType = sourcecode.swift; path = PrivacySecuritySettingsView.swift; sourceTree = "<group>"; };
		70C7567F1438CB4167E01182 /* CategoryStyle.swift */ = {isa = PBXFileReference; lastKnownFileType = sourcecode.swift; path = CategoryStyle.swift; sourceTree = "<group>"; };
		75F2CD1F77B1A32E659A47AE /* SpendingSummary.swift */ = {isa = PBXFileReference; lastKnownFileType = sourcecode.swift; path = SpendingSummary.swift; sourceTree = "<group>"; };
		7767CD45EFCC1CD4B9B354C5 /* CategoryCatalog.swift */ = {isa = PBXFileReference; lastKnownFileType = sourcecode.swift; path = CategoryCatalog.swift; sourceTree = "<group>"; };
		7829AEE20FE7C85C23D72C20 /* Expense.swift */ = {isa = PBXFileReference; lastKnownFileType = sourcecode.swift; path = Expense.swift; sourceTree = "<group>"; };
		7BBB66E39B758275D89BC4C6 /* TimeSpanTests.swift */ = {isa = PBXFileReference; lastKnownFileType = sourcecode.swift; path = TimeSpanTests.swift; sourceTree = "<group>"; };
		818D19FA56D5DC673FA3F983 /* CardMatcherTests.swift */ = {isa = PBXFileReference; lastKnownFileType = sourcecode.swift; path = CardMatcherTests.swift; sourceTree = "<group>"; };
		1A2B3C4D5E6F708192A30004 /* MerchantCleanerTests.swift */ = {isa = PBXFileReference; lastKnownFileType = sourcecode.swift; path = MerchantCleanerTests.swift; sourceTree = "<group>"; };
		1A2B3C4D5E6F708192A3001A /* LogoProviderTests.swift */ = {isa = PBXFileReference; lastKnownFileType = sourcecode.swift; path = LogoProviderTests.swift; sourceTree = "<group>"; };
		1A2B3C4D5E6F708192A3001C /* OnboardingStepTests.swift */ = {isa = PBXFileReference; lastKnownFileType = sourcecode.swift; path = OnboardingStepTests.swift; sourceTree = "<group>"; };
		9F1A2B3C4D5E6F708192A210 /* WidgetSnapshotTests.swift */ = {isa = PBXFileReference; lastKnownFileType = sourcecode.swift; path = WidgetSnapshotTests.swift; sourceTree = "<group>"; };
		8260296CE232E54B04D2E451 /* MerchantLogoTile.swift */ = {isa = PBXFileReference; lastKnownFileType = sourcecode.swift; path = MerchantLogoTile.swift; sourceTree = "<group>"; };
		83F6022920D4C45574AAACD1 /* RecurrenceFrequency.swift */ = {isa = PBXFileReference; lastKnownFileType = sourcecode.swift; path = RecurrenceFrequency.swift; sourceTree = "<group>"; };
		87204F03B517ACA62A39335E /* LegalDocumentView.swift */ = {isa = PBXFileReference; lastKnownFileType = sourcecode.swift; path = LegalDocumentView.swift; sourceTree = "<group>"; };
		88C2AA80CB889F87361E30D5 /* TimeSpan.swift */ = {isa = PBXFileReference; lastKnownFileType = sourcecode.swift; path = TimeSpan.swift; sourceTree = "<group>"; };
		8F4BAAEE29C82A8177445391 /* BudgetEditorView.swift */ = {isa = PBXFileReference; lastKnownFileType = sourcecode.swift; path = BudgetEditorView.swift; sourceTree = "<group>"; };
		3F8E2A1B9C4D5E6F70819A2B /* AppIcon.icon */ = {isa = PBXFileReference; lastKnownFileType = folder.iconcomposer.icon; path = AppIcon.icon; sourceTree = "<group>"; };
		1A2B3C4D5E6F708192A30027 /* CardsView.swift */ = {isa = PBXFileReference; lastKnownFileType = sourcecode.swift; path = CardsView.swift; sourceTree = "<group>"; };
		1A2B3C4D5E6F708192A30029 /* UserCard.swift */ = {isa = PBXFileReference; lastKnownFileType = sourcecode.swift; path = UserCard.swift; sourceTree = "<group>"; };
		1A2B3C4D5E6F708192A3002B /* UserCardTests.swift */ = {isa = PBXFileReference; lastKnownFileType = sourcecode.swift; path = UserCardTests.swift; sourceTree = "<group>"; };
		1A2B3C4D5E6F708192A30021 /* welcomeHero.json */ = {isa = PBXFileReference; lastKnownFileType = text.json; path = welcomeHero.json; sourceTree = "<group>"; };
		95DAC38E5C9CF7E5E052497E /* Assets.xcassets */ = {isa = PBXFileReference; lastKnownFileType = folder.assetcatalog; path = Assets.xcassets; sourceTree = "<group>"; };
		970CFC25D76DD55DB5773DD2 /* AppTheme.swift */ = {isa = PBXFileReference; lastKnownFileType = sourcecode.swift; path = AppTheme.swift; sourceTree = "<group>"; };
		97C852F791DC04262D40EDDF /* RootView.swift */ = {isa = PBXFileReference; lastKnownFileType = sourcecode.swift; path = RootView.swift; sourceTree = "<group>"; };
		99D9BCC1799EC91A3624EB7C /* TransactionDetailView.swift */ = {isa = PBXFileReference; lastKnownFileType = sourcecode.swift; path = TransactionDetailView.swift; sourceTree = "<group>"; };
		9B77BCB77E691C3C7CFE5323 /* ExpenseCategorizer.swift */ = {isa = PBXFileReference; lastKnownFileType = sourcecode.swift; path = ExpenseCategorizer.swift; sourceTree = "<group>"; };
		9C3125566C5DA9010F2F5E38 /* RecurringPaymentsView.swift */ = {isa = PBXFileReference; lastKnownFileType = sourcecode.swift; path = RecurringPaymentsView.swift; sourceTree = "<group>"; };
		9E060A2833E96C8B2AB706AF /* Haptics.swift */ = {isa = PBXFileReference; lastKnownFileType = sourcecode.swift; path = Haptics.swift; sourceTree = "<group>"; };
		A090EDE7CD091C4593296E50 /* WalletBudget.entitlements */ = {isa = PBXFileReference; lastKnownFileType = text.plist.entitlements; path = WalletBudget.entitlements; sourceTree = "<group>"; };
		A4D5C0D39610BC264A208FF3 /* WudgetWidgetBundle.swift */ = {isa = PBXFileReference; lastKnownFileType = sourcecode.swift; path = WudgetWidgetBundle.swift; sourceTree = "<group>"; };
		AD53A91857295586BE052D9A /* WalletBudget.app */ = {isa = PBXFileReference; includeInIndex = 0; lastKnownFileType = wrapper.application; path = WalletBudget.app; sourceTree = BUILT_PRODUCTS_DIR; };
		ADFC4B644CE144489A62EBB0 /* TransactionLibrary.swift */ = {isa = PBXFileReference; lastKnownFileType = sourcecode.swift; path = TransactionLibrary.swift; sourceTree = "<group>"; };
		AF9AB6A9C3E92D0C8557B0F4 /* SpendingWidgetConfig.swift */ = {isa = PBXFileReference; lastKnownFileType = sourcecode.swift; path = SpendingWidgetConfig.swift; sourceTree = "<group>"; };
		AFBB1AD3AF14ABF14C201ED8 /* WalletBudgetApp.swift */ = {isa = PBXFileReference; lastKnownFileType = sourcecode.swift; path = WalletBudgetApp.swift; sourceTree = "<group>"; };
		B123482C74A4635403DDDD0C /* OnboardingFlow.swift */ = {isa = PBXFileReference; lastKnownFileType = sourcecode.swift; path = OnboardingFlow.swift; sourceTree = "<group>"; };
		B132FD63D002121492B3FF69 /* CurrencyFormatting.swift */ = {isa = PBXFileReference; lastKnownFileType = sourcecode.swift; path = CurrencyFormatting.swift; sourceTree = "<group>"; };
		B3F2F902B2987E2442F3A304 /* SpendingWidget.swift */ = {isa = PBXFileReference; lastKnownFileType = sourcecode.swift; path = SpendingWidget.swift; sourceTree = "<group>"; };
		B7B39EBACAF0D103CC90431D /* PrivacyPolicyView.swift */ = {isa = PBXFileReference; lastKnownFileType = sourcecode.swift; path = PrivacyPolicyView.swift; sourceTree = "<group>"; };
		C25E886AAAF70B1A678B5C73 /* CategorySeeder.swift */ = {isa = PBXFileReference; lastKnownFileType = sourcecode.swift; path = CategorySeeder.swift; sourceTree = "<group>"; };
		C5B80A01155AD07584BE32DD /* WalletBudgetShortcuts.swift */ = {isa = PBXFileReference; lastKnownFileType = sourcecode.swift; path = WalletBudgetShortcuts.swift; sourceTree = "<group>"; };
		C740448D5F20571006ED775B /* TopChromeBar.swift */ = {isa = PBXFileReference; lastKnownFileType = sourcecode.swift; path = TopChromeBar.swift; sourceTree = "<group>"; };
		C9914378A8743498974C9ED7 /* ManageCategoriesView.swift */ = {isa = PBXFileReference; lastKnownFileType = sourcecode.swift; path = ManageCategoriesView.swift; sourceTree = "<group>"; };
		CB5F89F0C46335F3333E44FB /* PersonalOnboardingStepView.swift */ = {isa = PBXFileReference; lastKnownFileType = sourcecode.swift; path = PersonalOnboardingStepView.swift; sourceTree = "<group>"; };
		D09C3A39185D661975162F8E /* PeriodBucketizer.swift */ = {isa = PBXFileReference; lastKnownFileType = sourcecode.swift; path = PeriodBucketizer.swift; sourceTree = "<group>"; };
		D61DBB159F1E56C038F5199A /* LibraryPickerView.swift */ = {isa = PBXFileReference; lastKnownFileType = sourcecode.swift; path = LibraryPickerView.swift; sourceTree = "<group>"; };
		DE85A6AB04548DF2556A07C4 /* ExpenseCategorizerTests.swift */ = {isa = PBXFileReference; lastKnownFileType = sourcecode.swift; path = ExpenseCategorizerTests.swift; sourceTree = "<group>"; };
		DF2BBE07AA4C99B1126F18C7 /* WidgetUpdater.swift */ = {isa = PBXFileReference; lastKnownFileType = sourcecode.swift; path = WidgetUpdater.swift; sourceTree = "<group>"; };
		DFD6BEED3BBCCDBC3271A3BB /* OnboardingProfile.swift */ = {isa = PBXFileReference; lastKnownFileType = sourcecode.swift; path = OnboardingProfile.swift; sourceTree = "<group>"; };
		E643F06B34A969A48FC40272 /* RecurrenceFrequencyTests.swift */ = {isa = PBXFileReference; lastKnownFileType = sourcecode.swift; path = RecurrenceFrequencyTests.swift; sourceTree = "<group>"; };
		E6645A6FE9B8BD276FF68496 /* CurrencyParserTests.swift */ = {isa = PBXFileReference; lastKnownFileType = sourcecode.swift; path = CurrencyParserTests.swift; sourceTree = "<group>"; };
		E9AC34B7AA4E9EC780437B0B /* WudgetWidgets.entitlements */ = {isa = PBXFileReference; lastKnownFileType = text.plist.entitlements; path = WudgetWidgets.entitlements; sourceTree = "<group>"; };
		ED7746652ABA2A9FB9EBCE3E /* NotificationSettingsView.swift */ = {isa = PBXFileReference; lastKnownFileType = sourcecode.swift; path = NotificationSettingsView.swift; sourceTree = "<group>"; };
		EFE66E9E1422C962E226F2E0 /* WalletImportIntent.swift */ = {isa = PBXFileReference; lastKnownFileType = sourcecode.swift; path = WalletImportIntent.swift; sourceTree = "<group>"; };
		FB092227C8A29FC4505A1626 /* SpendingGroupRow.swift */ = {isa = PBXFileReference; lastKnownFileType = sourcecode.swift; path = SpendingGroupRow.swift; sourceTree = "<group>"; };
		FB2B9B80AFEC249446DD3E4E /* CurrencyParser.swift */ = {isa = PBXFileReference; lastKnownFileType = sourcecode.swift; path = CurrencyParser.swift; sourceTree = "<group>"; };
/* End PBXFileReference section */

/* Begin PBXGroup section */
		0421423CDBA6A3FA617166C0 /* Views */ = {
			isa = PBXGroup;
			children = (
				708C7CC691DA19D81DB2010B /* AboutView.swift */,
				1A2B3C4D5E6F708192A30012 /* TrackingSettingsView.swift */,
				1A2B3C4D5E6F708192A30014 /* BudgetSettingsView.swift */,
				1A2B3C4D5E6F708192A30016 /* AppearanceSettingsView.swift */,
				1A2B3C4D5E6F708192A30018 /* PrivacySecuritySettingsView.swift */,
				0BF0F719047A32A4C6647E27 /* AccountView.swift */,
				33CE0757DE390AD3D6B754D3 /* AddTransactionSheet.swift */,
				541A06AD300D4C3214FF46F9 /* AppLockGate.swift */,
				433F75625EE33E963002A1A4 /* AuthSheet.swift */,
				8F4BAAEE29C82A8177445391 /* BudgetEditorView.swift */,
				6161035EB2EF7AE12F8CBEBE /* CategoryEditorView.swift */,
				513D61072A882AB8FE7FCAA9 /* GroupDetailView.swift */,
				87204F03B517ACA62A39335E /* LegalDocumentView.swift */,
				D61DBB159F1E56C038F5199A /* LibraryPickerView.swift */,
				C9914378A8743498974C9ED7 /* ManageCategoriesView.swift */,
				8260296CE232E54B04D2E451 /* MerchantLogoTile.swift */,
				ED7746652ABA2A9FB9EBCE3E /* NotificationSettingsView.swift */,
				0FA78760B2C7B04E4ED8CECD /* OnboardingComponents.swift */,
				B123482C74A4635403DDDD0C /* OnboardingFlow.swift */,
				25B7C7BAD63F87E2A94830D7 /* OnboardingStep.swift */,
				6DD0F19ECF77A497B5655ABB /* PersonalOnboardingFlow.swift */,
				CB5F89F0C46335F3333E44FB /* PersonalOnboardingStepView.swift */,
				B7B39EBACAF0D103CC90431D /* PrivacyPolicyView.swift */,
				9C3125566C5DA9010F2F5E38 /* RecurringPaymentsView.swift */,
				0D978EF958C1C58E9CAEFA7A /* RootGate.swift */,
				97C852F791DC04262D40EDDF /* RootView.swift */,
				477070C96FAAB28061BAD0E9 /* SetupGuideView.swift */,
				FB092227C8A29FC4505A1626 /* SpendingGroupRow.swift */,
				6CC0F426B5A43C944E7779BE /* SpendingView.swift */,
				13F8E7F69117406FD8616313 /* TermsOfServiceView.swift */,
				22A930C47D514E788DCCD805 /* TotalSpendingCard.swift */,
				99D9BCC1799EC91A3624EB7C /* TransactionDetailView.swift */,
				47ECBB6DBE0EED961F394519 /* TransactionMapCard.swift */,
				18A498A728ED6E7A0A538C5A /* WelcomeLandingView.swift */,
				1A2B3C4D5E6F708192A3001E /* BudgetHeroAnimation.swift */,
				1A2B3C4D5E6F708192A30027 /* CardsView.swift */,
			);
			path = Views;
			sourceTree = "<group>";
		};
		10E22E6F9E7D02F1151C2FA8 /* Intents */ = {
			isa = PBXGroup;
			children = (
				C5B80A01155AD07584BE32DD /* WalletBudgetShortcuts.swift */,
				EFE66E9E1422C962E226F2E0 /* WalletImportIntent.swift */,
			);
			path = Intents;
			sourceTree = "<group>";
		};
		77B49E9C99F244891D47FE98 /* Products */ = {
			isa = PBXGroup;
			children = (
				AD53A91857295586BE052D9A /* WalletBudget.app */,
				198999A8BE10CD5ED26A9E6B /* WalletBudgetTests.xctest */,
				3DA74F9B640CFA1C302AB79A /* WudgetWidgets.appex */,
			);
			name = Products;
			sourceTree = "<group>";
		};
		81F4CC430E7EBFFBD36B9CBF = {
			isa = PBXGroup;
			children = (
				D729612045ECD48600D1CE4B /* WalletBudget */,
				F7BA56C5BBE95581B374186E /* WalletBudgetTests */,
				BB346B693552911F3115E076 /* WudgetWidgets */,
				77B49E9C99F244891D47FE98 /* Products */,
			);
			sourceTree = "<group>";
		};
		BB346B693552911F3115E076 /* WudgetWidgets */ = {
			isa = PBXGroup;
			children = (
				2BF0399CAD3AFF213B6A74D1 /* Info.plist */,
				B3F2F902B2987E2442F3A304 /* SpendingWidget.swift */,
				AF9AB6A9C3E92D0C8557B0F4 /* SpendingWidgetConfig.swift */,
				A4D5C0D39610BC264A208FF3 /* WudgetWidgetBundle.swift */,
				E9AC34B7AA4E9EC780437B0B /* WudgetWidgets.entitlements */,
			);
			path = WudgetWidgets;
			sourceTree = "<group>";
		};
		D729612045ECD48600D1CE4B /* WalletBudget */ = {
			isa = PBXGroup;
			children = (
				3F8E2A1B9C4D5E6F70819A2B /* AppIcon.icon */,
				95DAC38E5C9CF7E5E052497E /* Assets.xcassets */,
				1A2B3C4D5E6F708192A30021 /* welcomeHero.json */,
				A090EDE7CD091C4593296E50 /* WalletBudget.entitlements */,
				AFBB1AD3AF14ABF14C201ED8 /* WalletBudgetApp.swift */,
				10E22E6F9E7D02F1151C2FA8 /* Intents */,
				E38699E219F4A13672DE59E2 /* Models */,
				DD0ACE4F910130FC1B49C7F3 /* Store */,
				FE44EEC0C20B2BA2E4DC3367 /* Support */,
				0421423CDBA6A3FA617166C0 /* Views */,
			);
			path = WalletBudget;
			sourceTree = "<group>";
		};
		DD0ACE4F910130FC1B49C7F3 /* Store */ = {
			isa = PBXGroup;
			children = (
				6598F94957F50DE6C1A046DF /* AccountStore.swift */,
				2119F6D88ACE9250D8393611 /* CardMatcher.swift */,
				1A2B3C4D5E6F708192A30002 /* MerchantCleaner.swift */,
				7767CD45EFCC1CD4B9B354C5 /* CategoryCatalog.swift */,
				574742DB97BE751393D00A94 /* CategoryRegistry.swift */,
				C25E886AAAF70B1A678B5C73 /* CategorySeeder.swift */,
				DFD6BEED3BBCCDBC3271A3BB /* OnboardingProfile.swift */,
				D09C3A39185D661975162F8E /* PeriodBucketizer.swift */,
				83F6022920D4C45574AAACD1 /* RecurrenceFrequency.swift */,
				75F2CD1F77B1A32E659A47AE /* SpendingSummary.swift */,
				88C2AA80CB889F87361E30D5 /* TimeSpan.swift */,
				ADFC4B644CE144489A62EBB0 /* TransactionLibrary.swift */,
			);
			path = Store;
			sourceTree = "<group>";
		};
		E38699E219F4A13672DE59E2 /* Models */ = {
			isa = PBXGroup;
			children = (
				FB2B9B80AFEC249446DD3E4E /* CurrencyParser.swift */,
				7829AEE20FE7C85C23D72C20 /* Expense.swift */,
				1A2B3C4D5E6F708192A30029 /* UserCard.swift */,
				9B77BCB77E691C3C7CFE5323 /* ExpenseCategorizer.swift */,
				10584A7194BC7737C0090F94 /* SpendingCategory.swift */,
			);
			path = Models;
			sourceTree = "<group>";
		};
		F7BA56C5BBE95581B374186E /* WalletBudgetTests */ = {
			isa = PBXGroup;
			children = (
				818D19FA56D5DC673FA3F983 /* CardMatcherTests.swift */,
				1A2B3C4D5E6F708192A30004 /* MerchantCleanerTests.swift */,
				1A2B3C4D5E6F708192A3001A /* LogoProviderTests.swift */,
				1A2B3C4D5E6F708192A3001C /* OnboardingStepTests.swift */,
				1A2B3C4D5E6F708192A3002B /* UserCardTests.swift */,
				9F1A2B3C4D5E6F708192A210 /* WidgetSnapshotTests.swift */,
				E6645A6FE9B8BD276FF68496 /* CurrencyParserTests.swift */,
				DE85A6AB04548DF2556A07C4 /* ExpenseCategorizerTests.swift */,
				E643F06B34A969A48FC40272 /* RecurrenceFrequencyTests.swift */,
				3A8DEB5640055F69C67E5C29 /* SpendingGroupingTests.swift */,
				27ED81C3A0A93C92EF16C0B4 /* SpendingSummaryTests.swift */,
				7BBB66E39B758275D89BC4C6 /* TimeSpanTests.swift */,
			);
			path = WalletBudgetTests;
			sourceTree = "<group>";
		};
		FE44EEC0C20B2BA2E4DC3367 /* Support */ = {
			isa = PBXGroup;
			children = (
				320C1960104669F5CCEB07C7 /* AppLock.swift */,
				970CFC25D76DD55DB5773DD2 /* AppTheme.swift */,
				70C7567F1438CB4167E01182 /* CategoryStyle.swift */,
				B132FD63D002121492B3FF69 /* CurrencyFormatting.swift */,
				9E060A2833E96C8B2AB706AF /* Haptics.swift */,
				1DAEF2B5A1BDA490806C3C71 /* LocationProvider.swift */,
				4D4FD4B30A50FDDE3E9173E1 /* Log.swift */,
				0734563CDB8FA69F0AA30B50 /* LogoProvider.swift */,
				02847A2F8A2D58DD97205407 /* NotificationManager.swift */,
				691AA787CB15DF7C64DDE4EB /* NotificationManager+Builders.swift */,
				090C529EB470D8B68556B34D /* SharedModelContainer.swift */,
				C740448D5F20571006ED775B /* TopChromeBar.swift */,
				2E0FD05673C0FA09B5473CCA /* WidgetShared.swift */,
				DF2BBE07AA4C99B1126F18C7 /* WidgetUpdater.swift */,
			);
			path = Support;
			sourceTree = "<group>";
		};
/* End PBXGroup section */

/* Begin PBXNativeTarget section */
		06E341B52C4D47514AE2C712 /* WalletBudget */ = {
			isa = PBXNativeTarget;
			buildConfigurationList = C7495B809018E0A9AE62E123 /* Build configuration list for PBXNativeTarget "WalletBudget" */;
			buildPhases = (
				48A6FD1D9F968344383EEFC6 /* Sources */,
				1A2B3C4D5E6F708192A30024 /* Frameworks */,
				1909F446C38F0005A23D92D8 /* Resources */,
				14ED72395CF7072FCC712822 /* Embed Foundation Extensions */,
			);
			buildRules = (
			);
			dependencies = (
				BA2A79ED12D2A2855149F9F6 /* PBXTargetDependency */,
			);
			name = WalletBudget;
			packageProductDependencies = (
				1A2B3C4D5E6F708192A30023 /* Lottie */,
			);
			productName = WalletBudget;
			productReference = AD53A91857295586BE052D9A /* WalletBudget.app */;
			productType = "com.apple.product-type.application";
		};
		38C5137AD45EB1B1816950F0 /* WudgetWidgets */ = {
			isa = PBXNativeTarget;
			buildConfigurationList = 55C1F38B832D3F5BDDB125EF /* Build configuration list for PBXNativeTarget "WudgetWidgets" */;
			buildPhases = (
				E2DC83546FD301472D0957F9 /* Sources */,
				5B1C2D3E4F5A6B7C8D9E0F1A /* Resources */,
			);
			buildRules = (
			);
			dependencies = (
			);
			name = WudgetWidgets;
			packageProductDependencies = (
			);
			productName = WudgetWidgets;
			productReference = 3DA74F9B640CFA1C302AB79A /* WudgetWidgets.appex */;
			productType = "com.apple.product-type.app-extension";
		};
		74D484079E3F0724F3158200 /* WalletBudgetTests */ = {
			isa = PBXNativeTarget;
			buildConfigurationList = C84A7E224489A2B7F2D399C1 /* Build configuration list for PBXNativeTarget "WalletBudgetTests" */;
			buildPhases = (
				01948353FFF9D1E8F018CB65 /* Sources */,
			);
			buildRules = (
			);
			dependencies = (
				42144201331136030187BEAF /* PBXTargetDependency */,
			);
			name = WalletBudgetTests;
			packageProductDependencies = (
			);
			productName = WalletBudgetTests;
			productReference = 198999A8BE10CD5ED26A9E6B /* WalletBudgetTests.xctest */;
			productType = "com.apple.product-type.bundle.unit-test";
		};
/* End PBXNativeTarget section */

/* Begin PBXProject section */
		8AA8F59DBACCF91DC95A5445 /* Project object */ = {
			isa = PBXProject;
			attributes = {
				BuildIndependentTargetsInParallel = YES;
				LastUpgradeCheck = 1430;
				TargetAttributes = {
					06E341B52C4D47514AE2C712 = {
						DevelopmentTeam = J3BMT7MU7K;
						ProvisioningStyle = Automatic;
					};
					38C5137AD45EB1B1816950F0 = {
						DevelopmentTeam = J3BMT7MU7K;
						ProvisioningStyle = Automatic;
					};
					74D484079E3F0724F3158200 = {
						DevelopmentTeam = J3BMT7MU7K;
						ProvisioningStyle = Automatic;
					};
				};
			};
			buildConfigurationList = 7C0CC7900DBC1C7AEDE7B5CB /* Build configuration list for PBXProject "WalletBudget" */;
			developmentRegion = en;
			hasScannedForEncodings = 0;
			knownRegions = (
				Base,
				en,
			);
			mainGroup = 81F4CC430E7EBFFBD36B9CBF;
			minimizedProjectReferenceProxies = 1;
			packageReferences = (
				1A2B3C4D5E6F708192A30025 /* XCRemoteSwiftPackageReference "lottie-ios" */,
			);
			preferredProjectObjectVersion = 77;
			productRefGroup = 77B49E9C99F244891D47FE98 /* Products */;
			projectDirPath = "";
			projectRoot = "";
			targets = (
				06E341B52C4D47514AE2C712 /* WalletBudget */,
				74D484079E3F0724F3158200 /* WalletBudgetTests */,
				38C5137AD45EB1B1816950F0 /* WudgetWidgets */,
			);
		};
/* End PBXProject section */

/* Begin PBXFrameworksBuildPhase section */
		1A2B3C4D5E6F708192A30024 /* Frameworks */ = {
			isa = PBXFrameworksBuildPhase;
			buildActionMask = 2147483647;
			files = (
				1A2B3C4D5E6F708192A30022 /* Lottie in Frameworks */,
			);
			runOnlyForDeploymentPostprocessing = 0;
		};
/* End PBXFrameworksBuildPhase section */

/* Begin PBXResourcesBuildPhase section */
		1909F446C38F0005A23D92D8 /* Resources */ = {
			isa = PBXResourcesBuildPhase;
			buildActionMask = 2147483647;
			files = (
				4A9F3B2C0D5E6F8091A2B3C4 /* AppIcon.icon in Resources */,
				2D0B694FE0AA8ACAD50FF15A /* Assets.xcassets in Resources */,
				1A2B3C4D5E6F708192A30020 /* welcomeHero.json in Resources */,
			);
			runOnlyForDeploymentPostprocessing = 0;
		};
		5B1C2D3E4F5A6B7C8D9E0F1A /* Resources */ = {
			isa = PBXResourcesBuildPhase;
			buildActionMask = 2147483647;
			files = (
				6C2D3E4F5A6B7C8D9E0F1A2B /* AppIcon.icon in Resources */,
			);
			runOnlyForDeploymentPostprocessing = 0;
		};
/* End PBXResourcesBuildPhase section */

/* Begin PBXSourcesBuildPhase section */
		01948353FFF9D1E8F018CB65 /* Sources */ = {
			isa = PBXSourcesBuildPhase;
			buildActionMask = 2147483647;
			files = (
				7C2BBC1E20190B798FF45FC9 /* CardMatcherTests.swift in Sources */,
				1A2B3C4D5E6F708192A30003 /* MerchantCleanerTests.swift in Sources */,
				1A2B3C4D5E6F708192A30019 /* LogoProviderTests.swift in Sources */,
				1A2B3C4D5E6F708192A3001B /* OnboardingStepTests.swift in Sources */,
				1A2B3C4D5E6F708192A3002A /* UserCardTests.swift in Sources */,
				D42B9E8D64BD20B38C34958D /* CurrencyParserTests.swift in Sources */,
				A0EED0D6A5E570BAE2348BA0 /* ExpenseCategorizerTests.swift in Sources */,
				00FF23B68E6F7F4272230738 /* RecurrenceFrequencyTests.swift in Sources */,
				1EAA5056112B4C5E7BE17A7F /* SpendingGroupingTests.swift in Sources */,
				5872E17B2E2C32A1FF950C48 /* SpendingSummaryTests.swift in Sources */,
				19AEC05837273779AE65BD38 /* TimeSpanTests.swift in Sources */,
				8E0F1A2B3C4D5E6F70819A20 /* WidgetSnapshotTests.swift in Sources */,
			);
			runOnlyForDeploymentPostprocessing = 0;
		};
		48A6FD1D9F968344383EEFC6 /* Sources */ = {
			isa = PBXSourcesBuildPhase;
			buildActionMask = 2147483647;
			files = (
				064A9EF90AC7A94020BFE11A /* AboutView.swift in Sources */,
				1A2B3C4D5E6F708192A30011 /* TrackingSettingsView.swift in Sources */,
				1A2B3C4D5E6F708192A30013 /* BudgetSettingsView.swift in Sources */,
				1A2B3C4D5E6F708192A30015 /* AppearanceSettingsView.swift in Sources */,
				1A2B3C4D5E6F708192A30017 /* PrivacySecuritySettingsView.swift in Sources */,
				0CC863CF863FB44798E30C8B /* AccountStore.swift in Sources */,
				F15FED507DDAEEF5329A84AF /* AccountView.swift in Sources */,
				5ECECA08425C23735031ED72 /* AddTransactionSheet.swift in Sources */,
				5AD4C60A81E6D57A74DB70E3 /* AppLock.swift in Sources */,
				CBA2DD8CAC5E4BFDBA061C5F /* AppLockGate.swift in Sources */,
				759682447208897EFBFEFA3A /* AppTheme.swift in Sources */,
				E451E5CC8A5D41F71B8B522F /* AuthSheet.swift in Sources */,
				EF55EA78470B6286D277D42F /* BudgetEditorView.swift in Sources */,
				96C2FC2518C3C93F36DB9206 /* CardMatcher.swift in Sources */,
				1A2B3C4D5E6F708192A30001 /* MerchantCleaner.swift in Sources */,
				96F74E147AA5C30A8F423DC7 /* CategoryCatalog.swift in Sources */,
				DF673D1CED3DC1D7D87BD2EC /* CategoryEditorView.swift in Sources */,
				626DC1446BDC3A625F027FBC /* CategoryRegistry.swift in Sources */,
				CEFC708A406FE93273894D34 /* CategorySeeder.swift in Sources */,
				FB79EEC4FA1386F1519ACD95 /* CategoryStyle.swift in Sources */,
				8D8F1E5B56237E314041F52E /* CurrencyFormatting.swift in Sources */,
				9DF0744CE0F3031603CE52B9 /* CurrencyParser.swift in Sources */,
				621A7BAB1F62970014A14496 /* Expense.swift in Sources */,
				32557C525F911334C1D11B88 /* ExpenseCategorizer.swift in Sources */,
				0EC04CBF48CA9FB8C383F854 /* GroupDetailView.swift in Sources */,
				E13B5B8CFAB4A226792ACCF9 /* Haptics.swift in Sources */,
				3F75F32A55E6F127A88D6414 /* LegalDocumentView.swift in Sources */,
				CE8B91204F3A6476A55E0B79 /* LibraryPickerView.swift in Sources */,
				59EABBC6C49BBC0C436948D7 /* LocationProvider.swift in Sources */,
				628DEF4ED948F080EF6D0EC6 /* Log.swift in Sources */,
				D32E89869F2F653380CAEAD9 /* LogoProvider.swift in Sources */,
				B7A0B137417A61E85BD70C8B /* ManageCategoriesView.swift in Sources */,
				DB299FF9BEDF5672361AD0AC /* MerchantLogoTile.swift in Sources */,
				C344199EDB9B5218FCAAEBAD /* NotificationManager+Builders.swift in Sources */,
				2D051851DCC5131DBE919B6C /* NotificationManager.swift in Sources */,
				DBA8C9C385F8D393296E2068 /* NotificationSettingsView.swift in Sources */,
				8CB2B7FFB5619BC0508D30A8 /* OnboardingComponents.swift in Sources */,
				8635718579EF8A5841DC8189 /* OnboardingFlow.swift in Sources */,
				C273E11EE1A61360CB288C98 /* OnboardingProfile.swift in Sources */,
				908B03CA285C6BD919AD4DF0 /* OnboardingStep.swift in Sources */,
				976B13AF2A589ECCAF9938F0 /* PeriodBucketizer.swift in Sources */,
				5B1C60418AD7BFDA19DA5726 /* PersonalOnboardingFlow.swift in Sources */,
				FBD140EA007C9C37F35E6C60 /* PersonalOnboardingStepView.swift in Sources */,
				C00A9E34F672DEC4138ACBEA /* PrivacyPolicyView.swift in Sources */,
				BDEAA7E44A46DDEB23E31F47 /* RecurrenceFrequency.swift in Sources */,
				968EB200DBEA0A0760332196 /* RecurringPaymentsView.swift in Sources */,
				A349ACEFD3DB55D7D49470F2 /* RootGate.swift in Sources */,
				D03157A565BF2082C48C1186 /* RootView.swift in Sources */,
				0E77789643850B568BEE2208 /* SetupGuideView.swift in Sources */,
				02A357CCF686C2FA3D89BC80 /* SharedModelContainer.swift in Sources */,
				32F4719277646ED8352840C4 /* SpendingCategory.swift in Sources */,
				AA27954626BF0B75EAB45E82 /* SpendingGroupRow.swift in Sources */,
				DF1F8D54188C1AD9C32FD029 /* SpendingSummary.swift in Sources */,
				FECD22ACDEA1F00B7BAFAC05 /* SpendingView.swift in Sources */,
				74BB5C56F1534A9C12EE589F /* TermsOfServiceView.swift in Sources */,
				123CD377ECADC136164C79DA /* TimeSpan.swift in Sources */,
				B80CA42F12C4C45011AF72B6 /* TopChromeBar.swift in Sources */,
				A1DA3288D7B27FE0983AC576 /* TotalSpendingCard.swift in Sources */,
				53418CBB23A67233BE863C1D /* TransactionDetailView.swift in Sources */,
				40970E484D3226725980ED79 /* TransactionLibrary.swift in Sources */,
				1A0AC8CD51804A153936E395 /* TransactionMapCard.swift in Sources */,
				2279E6A98B64EDA42BBFE0DD /* WalletBudgetApp.swift in Sources */,
				69C159DFED3A1D7BBA06ABF2 /* WalletBudgetShortcuts.swift in Sources */,
				45C8D01C203143F42E95A71F /* WalletImportIntent.swift in Sources */,
				15148BDB8DE237BF7B47A448 /* WelcomeLandingView.swift in Sources */,
				1A2B3C4D5E6F708192A3001D /* BudgetHeroAnimation.swift in Sources */,
				1A2B3C4D5E6F708192A30026 /* CardsView.swift in Sources */,
				1A2B3C4D5E6F708192A30028 /* UserCard.swift in Sources */,
				2A7A2A56DE486408AEA11E7B /* WidgetShared.swift in Sources */,
				C9C010FE67F2F5AE57CEDB06 /* WidgetUpdater.swift in Sources */,
			);
			runOnlyForDeploymentPostprocessing = 0;
		};
		E2DC83546FD301472D0957F9 /* Sources */ = {
			isa = PBXSourcesBuildPhase;
			buildActionMask = 2147483647;
			files = (
				CB0B56DAF560BF944CDE4066 /* SpendingWidget.swift in Sources */,
				CECD753EACAD738985A7C5CF /* SpendingWidgetConfig.swift in Sources */,
				1665F1955D10A3066DA9CDD0 /* WidgetShared.swift in Sources */,
				190C1F75577352B04545899A /* WudgetWidgetBundle.swift in Sources */,
			);
			runOnlyForDeploymentPostprocessing = 0;
		};
/* End PBXSourcesBuildPhase section */

/* Begin PBXTargetDependency section */
		42144201331136030187BEAF /* PBXTargetDependency */ = {
			isa = PBXTargetDependency;
			target = 06E341B52C4D47514AE2C712 /* WalletBudget */;
			targetProxy = 843F110F198DC9111AC80A84 /* PBXContainerItemProxy */;
		};
		BA2A79ED12D2A2855149F9F6 /* PBXTargetDependency */ = {
			isa = PBXTargetDependency;
			target = 38C5137AD45EB1B1816950F0 /* WudgetWidgets */;
			targetProxy = D7216B51A673556B9F3861B0 /* PBXContainerItemProxy */;
		};
/* End PBXTargetDependency section */

/* Begin XCRemoteSwiftPackageReference section */
		1A2B3C4D5E6F708192A30025 /* XCRemoteSwiftPackageReference "lottie-ios" */ = {
			isa = XCRemoteSwiftPackageReference;
			repositoryURL = "https://github.com/airbnb/lottie-ios";
			requirement = {
				kind = upToNextMajorVersion;
				minimumVersion = 4.5.0;
			};
		};
/* End XCRemoteSwiftPackageReference section */

/* Begin XCSwiftPackageProductDependency section */
		1A2B3C4D5E6F708192A30023 /* Lottie */ = {
			isa = XCSwiftPackageProductDependency;
			package = 1A2B3C4D5E6F708192A30025 /* XCRemoteSwiftPackageReference "lottie-ios" */;
			productName = Lottie;
		};
/* End XCSwiftPackageProductDependency section */

/* Begin XCBuildConfiguration section */
		4296F9E82364EA98B12885DD /* Debug */ = {
			isa = XCBuildConfiguration;
			buildSettings = {
				ALWAYS_SEARCH_USER_PATHS = NO;
				CLANG_ANALYZER_NONNULL = YES;
				CLANG_ANALYZER_NUMBER_OBJECT_CONVERSION = YES_AGGRESSIVE;
				CLANG_CXX_LANGUAGE_STANDARD = "gnu++14";
				CLANG_CXX_LIBRARY = "libc++";
				CLANG_ENABLE_MODULES = YES;
				CLANG_ENABLE_OBJC_ARC = YES;
				CLANG_ENABLE_OBJC_WEAK = YES;
				CLANG_WARN_BLOCK_CAPTURE_AUTORELEASING = YES;
				CLANG_WARN_BOOL_CONVERSION = YES;
				CLANG_WARN_COMMA = YES;
				CLANG_WARN_CONSTANT_CONVERSION = YES;
				CLANG_WARN_DEPRECATED_OBJC_IMPLEMENTATIONS = YES;
				CLANG_WARN_DIRECT_OBJC_ISA_USAGE = YES_ERROR;
				CLANG_WARN_DOCUMENTATION_COMMENTS = YES;
				CLANG_WARN_EMPTY_BODY = YES;
				CLANG_WARN_ENUM_CONVERSION = YES;
				CLANG_WARN_INFINITE_RECURSION = YES;
				CLANG_WARN_INT_CONVERSION = YES;
				CLANG_WARN_NON_LITERAL_NULL_CONVERSION = YES;
				CLANG_WARN_OBJC_IMPLICIT_RETAIN_SELF = YES;
				CLANG_WARN_OBJC_LITERAL_CONVERSION = YES;
				CLANG_WARN_OBJC_ROOT_CLASS = YES_ERROR;
				CLANG_WARN_QUOTED_INCLUDE_IN_FRAMEWORK_HEADER = YES;
				CLANG_WARN_RANGE_LOOP_ANALYSIS = YES;
				CLANG_WARN_STRICT_PROTOTYPES = YES;
				CLANG_WARN_SUSPICIOUS_MOVE = YES;
				CLANG_WARN_UNGUARDED_AVAILABILITY = YES_AGGRESSIVE;
				CLANG_WARN_UNREACHABLE_CODE = YES;
				CLANG_WARN__DUPLICATE_METHOD_MATCH = YES;
				CODE_SIGN_STYLE = Automatic;
				COPY_PHASE_STRIP = NO;
				CURRENT_PROJECT_VERSION = 1;
				DEBUG_INFORMATION_FORMAT = dwarf;
				DEVELOPMENT_TEAM = J3BMT7MU7K;
				ENABLE_STRICT_OBJC_MSGSEND = YES;
				ENABLE_TESTABILITY = YES;
				GCC_C_LANGUAGE_STANDARD = gnu11;
				GCC_DYNAMIC_NO_PIC = NO;
				GCC_NO_COMMON_BLOCKS = YES;
				GCC_OPTIMIZATION_LEVEL = 0;
				GCC_PREPROCESSOR_DEFINITIONS = (
					"$(inherited)",
					"DEBUG=1",
				);
				GCC_WARN_64_TO_32_BIT_CONVERSION = YES;
				GCC_WARN_ABOUT_RETURN_TYPE = YES_ERROR;
				GCC_WARN_UNDECLARED_SELECTOR = YES;
				GCC_WARN_UNINITIALIZED_AUTOS = YES_AGGRESSIVE;
				GCC_WARN_UNUSED_FUNCTION = YES;
				GCC_WARN_UNUSED_VARIABLE = YES;
				IPHONEOS_DEPLOYMENT_TARGET = 17.0;
				MARKETING_VERSION = 1.0;
				MTL_ENABLE_DEBUG_INFO = INCLUDE_SOURCE;
				MTL_FAST_MATH = YES;
				ONLY_ACTIVE_ARCH = YES;
				PRODUCT_NAME = "$(TARGET_NAME)";
				SDKROOT = iphoneos;
				SWIFT_ACTIVE_COMPILATION_CONDITIONS = DEBUG;
				SWIFT_OPTIMIZATION_LEVEL = "-Onone";
				SWIFT_VERSION = 5.0;
				TARGETED_DEVICE_FAMILY = 1;
			};
			name = Debug;
		};
		593BEFD157D4BBD19A1391D4 /* Release */ = {
			isa = XCBuildConfiguration;
			buildSettings = {
				ALWAYS_SEARCH_USER_PATHS = NO;
				CLANG_ANALYZER_NONNULL = YES;
				CLANG_ANALYZER_NUMBER_OBJECT_CONVERSION = YES_AGGRESSIVE;
				CLANG_CXX_LANGUAGE_STANDARD = "gnu++14";
				CLANG_CXX_LIBRARY = "libc++";
				CLANG_ENABLE_MODULES = YES;
				CLANG_ENABLE_OBJC_ARC = YES;
				CLANG_ENABLE_OBJC_WEAK = YES;
				CLANG_WARN_BLOCK_CAPTURE_AUTORELEASING = YES;
				CLANG_WARN_BOOL_CONVERSION = YES;
				CLANG_WARN_COMMA = YES;
				CLANG_WARN_CONSTANT_CONVERSION = YES;
				CLANG_WARN_DEPRECATED_OBJC_IMPLEMENTATIONS = YES;
				CLANG_WARN_DIRECT_OBJC_ISA_USAGE = YES_ERROR;
				CLANG_WARN_DOCUMENTATION_COMMENTS = YES;
				CLANG_WARN_EMPTY_BODY = YES;
				CLANG_WARN_ENUM_CONVERSION = YES;
				CLANG_WARN_INFINITE_RECURSION = YES;
				CLANG_WARN_INT_CONVERSION = YES;
				CLANG_WARN_NON_LITERAL_NULL_CONVERSION = YES;
				CLANG_WARN_OBJC_IMPLICIT_RETAIN_SELF = YES;
				CLANG_WARN_OBJC_LITERAL_CONVERSION = YES;
				CLANG_WARN_OBJC_ROOT_CLASS = YES_ERROR;
				CLANG_WARN_QUOTED_INCLUDE_IN_FRAMEWORK_HEADER = YES;
				CLANG_WARN_RANGE_LOOP_ANALYSIS = YES;
				CLANG_WARN_STRICT_PROTOTYPES = YES;
				CLANG_WARN_SUSPICIOUS_MOVE = YES;
				CLANG_WARN_UNGUARDED_AVAILABILITY = YES_AGGRESSIVE;
				CLANG_WARN_UNREACHABLE_CODE = YES;
				CLANG_WARN__DUPLICATE_METHOD_MATCH = YES;
				CODE_SIGN_STYLE = Automatic;
				COPY_PHASE_STRIP = NO;
				CURRENT_PROJECT_VERSION = 1;
				DEBUG_INFORMATION_FORMAT = "dwarf-with-dsym";
				DEVELOPMENT_TEAM = J3BMT7MU7K;
				ENABLE_NS_ASSERTIONS = NO;
				ENABLE_STRICT_OBJC_MSGSEND = YES;
				GCC_C_LANGUAGE_STANDARD = gnu11;
				GCC_NO_COMMON_BLOCKS = YES;
				GCC_WARN_64_TO_32_BIT_CONVERSION = YES;
				GCC_WARN_ABOUT_RETURN_TYPE = YES_ERROR;
				GCC_WARN_UNDECLARED_SELECTOR = YES;
				GCC_WARN_UNINITIALIZED_AUTOS = YES_AGGRESSIVE;
				GCC_WARN_UNUSED_FUNCTION = YES;
				GCC_WARN_UNUSED_VARIABLE = YES;
				IPHONEOS_DEPLOYMENT_TARGET = 17.0;
				MARKETING_VERSION = 1.0;
				MTL_ENABLE_DEBUG_INFO = NO;
				MTL_FAST_MATH = YES;
				PRODUCT_NAME = "$(TARGET_NAME)";
				SDKROOT = iphoneos;
				SWIFT_COMPILATION_MODE = wholemodule;
				SWIFT_OPTIMIZATION_LEVEL = "-O";
				SWIFT_VERSION = 5.0;
				TARGETED_DEVICE_FAMILY = 1;
			};
			name = Release;
		};
		875A50ED2637CF1AE6D51538 /* Debug */ = {
			isa = XCBuildConfiguration;
			buildSettings = {
				BUNDLE_LOADER = "$(TEST_HOST)";
				GENERATE_INFOPLIST_FILE = YES;
				LD_RUNPATH_SEARCH_PATHS = (
					"$(inherited)",
					"@executable_path/Frameworks",
					"@loader_path/Frameworks",
				);
				PRODUCT_BUNDLE_IDENTIFIER = com.cadenchiang.walletbudgetTests;
				SDKROOT = iphoneos;
				TARGETED_DEVICE_FAMILY = "1,2";
				TEST_HOST = "$(BUILT_PRODUCTS_DIR)/WalletBudget.app/WalletBudget";
			};
			name = Debug;
		};
		B4E782A9EF6538CD69DD3121 /* Release */ = {
			isa = XCBuildConfiguration;
			buildSettings = {
				ASSETCATALOG_COMPILER_APPICON_NAME = AppIcon;
				CODE_SIGN_ENTITLEMENTS = WudgetWidgets/WudgetWidgets.entitlements;
				GENERATE_INFOPLIST_FILE = NO;
				INFOPLIST_FILE = WudgetWidgets/Info.plist;
				LD_RUNPATH_SEARCH_PATHS = (
					"$(inherited)",
					"@executable_path/Frameworks",
					"@executable_path/../../Frameworks",
				);
				PRODUCT_BUNDLE_IDENTIFIER = com.cadenchiang.walletbudget.WudgetWidgets;
				SDKROOT = iphoneos;
				TARGETED_DEVICE_FAMILY = "1,2";
			};
			name = Release;
		};
		DB5CAA21107E5FCA50AEFA34 /* Release */ = {
			isa = XCBuildConfiguration;
			buildSettings = {
				ASSETCATALOG_COMPILER_APPICON_NAME = AppIcon;
				CODE_SIGN_ENTITLEMENTS = WalletBudget/WalletBudget.entitlements;
				CODE_SIGN_IDENTITY = "iPhone Developer";
				GENERATE_INFOPLIST_FILE = YES;
				INFOPLIST_FILE = WalletBudget/Info.plist;
				INFOPLIST_KEY_CFBundleDisplayName = Budget;
				INFOPLIST_KEY_ITSAppUsesNonExemptEncryption = NO;
				INFOPLIST_KEY_NSFaceIDUsageDescription = "Wudget uses Face ID to lock the app so only you can open it and see your spending.";
				INFOPLIST_KEY_NSLocationAlwaysAndWhenInUseUsageDescription = "Wudget records where each Apple Pay purchase happened, even when the import runs in the background. Locations stay on your device and are never shared.";
				INFOPLIST_KEY_NSLocationWhenInUseUsageDescription = "Wudget adds the location of each Apple Pay purchase so you can see where you spent. Locations stay on your device.";
				INFOPLIST_KEY_UIApplicationSupportsIndirectInputEvents = YES;
				INFOPLIST_KEY_UILaunchScreen_Generation = YES;
				INFOPLIST_KEY_UISupportedInterfaceOrientations = UIInterfaceOrientationPortrait;
				INFOPLIST_KEY_UIRequiresFullScreen = YES;
				LD_RUNPATH_SEARCH_PATHS = (
					"$(inherited)",
					"@executable_path/Frameworks",
				);
				PRODUCT_BUNDLE_IDENTIFIER = com.cadenchiang.walletbudget;
				SDKROOT = iphoneos;
				TARGETED_DEVICE_FAMILY = "1,2";
			};
			name = Release;
		};
		E14CCCF74BAA918CFC51C1B5 /* Debug */ = {
			isa = XCBuildConfiguration;
			buildSettings = {
				ASSETCATALOG_COMPILER_APPICON_NAME = AppIcon;
				CODE_SIGN_ENTITLEMENTS = WudgetWidgets/WudgetWidgets.entitlements;
				GENERATE_INFOPLIST_FILE = NO;
				INFOPLIST_FILE = WudgetWidgets/Info.plist;
				LD_RUNPATH_SEARCH_PATHS = (
					"$(inherited)",
					"@executable_path/Frameworks",
					"@executable_path/../../Frameworks",
				);
				PRODUCT_BUNDLE_IDENTIFIER = com.cadenchiang.walletbudget.WudgetWidgets;
				SDKROOT = iphoneos;
				TARGETED_DEVICE_FAMILY = "1,2";
			};
			name = Debug;
		};
		E988077A06A4A674D6A10008 /* Release */ = {
			isa = XCBuildConfiguration;
			buildSettings = {
				BUNDLE_LOADER = "$(TEST_HOST)";
				GENERATE_INFOPLIST_FILE = YES;
				LD_RUNPATH_SEARCH_PATHS = (
					"$(inherited)",
					"@executable_path/Frameworks",
					"@loader_path/Frameworks",
				);
				PRODUCT_BUNDLE_IDENTIFIER = com.cadenchiang.walletbudgetTests;
				SDKROOT = iphoneos;
				TARGETED_DEVICE_FAMILY = "1,2";
				TEST_HOST = "$(BUILT_PRODUCTS_DIR)/WalletBudget.app/WalletBudget";
			};
			name = Release;
		};
		EAAFB16175182FF8BA6D6957 /* Debug */ = {
			isa = XCBuildConfiguration;
			buildSettings = {
				ASSETCATALOG_COMPILER_APPICON_NAME = AppIcon;
				CODE_SIGN_ENTITLEMENTS = WalletBudget/WalletBudget.entitlements;
				CODE_SIGN_IDENTITY = "iPhone Developer";
				GENERATE_INFOPLIST_FILE = YES;
				INFOPLIST_FILE = WalletBudget/Info.plist;
				INFOPLIST_KEY_CFBundleDisplayName = Budget;
				INFOPLIST_KEY_ITSAppUsesNonExemptEncryption = NO;
				INFOPLIST_KEY_NSFaceIDUsageDescription = "Wudget uses Face ID to lock the app so only you can open it and see your spending.";
				INFOPLIST_KEY_NSLocationAlwaysAndWhenInUseUsageDescription = "Wudget records where each Apple Pay purchase happened, even when the import runs in the background. Locations stay on your device and are never shared.";
				INFOPLIST_KEY_NSLocationWhenInUseUsageDescription = "Wudget adds the location of each Apple Pay purchase so you can see where you spent. Locations stay on your device.";
				INFOPLIST_KEY_UIApplicationSupportsIndirectInputEvents = YES;
				INFOPLIST_KEY_UILaunchScreen_Generation = YES;
				INFOPLIST_KEY_UISupportedInterfaceOrientations = UIInterfaceOrientationPortrait;
				INFOPLIST_KEY_UIRequiresFullScreen = YES;
				LD_RUNPATH_SEARCH_PATHS = (
					"$(inherited)",
					"@executable_path/Frameworks",
				);
				PRODUCT_BUNDLE_IDENTIFIER = com.cadenchiang.walletbudget;
				SDKROOT = iphoneos;
				TARGETED_DEVICE_FAMILY = "1,2";
			};
			name = Debug;
		};
/* End XCBuildConfiguration section */

/* Begin XCConfigurationList section */
		55C1F38B832D3F5BDDB125EF /* Build configuration list for PBXNativeTarget "WudgetWidgets" */ = {
			isa = XCConfigurationList;
			buildConfigurations = (
				E14CCCF74BAA918CFC51C1B5 /* Debug */,
				B4E782A9EF6538CD69DD3121 /* Release */,
			);
			defaultConfigurationIsVisible = 0;
			defaultConfigurationName = Debug;
		};
		7C0CC7900DBC1C7AEDE7B5CB /* Build configuration list for PBXProject "WalletBudget" */ = {
			isa = XCConfigurationList;
			buildConfigurations = (
				4296F9E82364EA98B12885DD /* Debug */,
				593BEFD157D4BBD19A1391D4 /* Release */,
			);
			defaultConfigurationIsVisible = 0;
			defaultConfigurationName = Debug;
		};
		C7495B809018E0A9AE62E123 /* Build configuration list for PBXNativeTarget "WalletBudget" */ = {
			isa = XCConfigurationList;
			buildConfigurations = (
				EAAFB16175182FF8BA6D6957 /* Debug */,
				DB5CAA21107E5FCA50AEFA34 /* Release */,
			);
			defaultConfigurationIsVisible = 0;
			defaultConfigurationName = Debug;
		};
		C84A7E224489A2B7F2D399C1 /* Build configuration list for PBXNativeTarget "WalletBudgetTests" */ = {
			isa = XCConfigurationList;
			buildConfigurations = (
				875A50ED2637CF1AE6D51538 /* Debug */,
				E988077A06A4A674D6A10008 /* Release */,
			);
			defaultConfigurationIsVisible = 0;
			defaultConfigurationName = Debug;
		};
/* End XCConfigurationList section */
	};
	rootObject = 8AA8F59DBACCF91DC95A5445 /* Project object */;
}
